
Microsoft Visual Studio Solution File, Format Version 12.00
# Visual Studio Version 16
VisualStudioVersion = 16.0.30503.244
MinimumVisualStudioVersion = 10.0.40219.1
Project("{FAE04EC0-301F-11D3-BF4B-00C04F79EFBC}") = "LV6_2", "LV6_2.csproj", "{258280B4-B1FF-41C2-A58C-AB96D632FAAE}"
EndProject
Global
	GlobalSection(SolutionConfigurationPlatforms) = preSolution
		Debug|Any CPU = Debug|Any CPU
		Release|Any CPU = Release|Any CPU
	EndGlobalSection
	GlobalSection(ProjectConfigurationPlatforms) = postSolution
		{258280B4-B1FF-41C2-A58C-AB96D632FAAE}.Debug|Any CPU.ActiveCfg = Debug|Any CPU
		{258280B4-B1FF-41C2-A58C-AB96D632FAAE}.Debug|Any CPU.Build.0 = Debug|Any CPU
		{258280B4-B1FF-41C2-A58C-AB96D632FAAE}.Release|Any CPU.ActiveCfg = Release|Any CPU
		{258280B4-B1FF-41C2-A58C-AB96D632FAAE}.Release|Any CPU.Build.0 = Release|Any CPU
	EndGlobalSection
	GlobalSection(SolutionProperties) = preSolution
		HideSolutionNode = FALSE
	EndGlobalSection
	GlobalSection(ExtensibilityGlobals) = postSolution
		SolutionGuid = {8B4FA763-DBFD-4867-814E-E2F770032788}
	EndGlobalSection
EndGlobal
